
Microsoft Visual Studio Solution File, Format Version 12.00
# Visual Studio Version 17
VisualStudioVersion = 17.0.32112.339
MinimumVisualStudioVersion = 10.0.40219.1
Project("{8BC9CEB8-8B4A-11D0-8D11-00A0C91BC942}") = "CSE168-Project1", "CSE168-Project1.vcxproj", "{27F42ED4-1901-44B2-B3AA-380B88C96075}"
EndProject
Global
	GlobalSection(SolutionConfigurationPlatforms) = preSolution
		Debug|x64 = Debug|x64
		Debug|x86 = Debug|x86
		Release|x64 = Release|x64
		Release|x86 = Release|x86
	EndGlobalSection
	GlobalSection(ProjectConfigurationPlatforms) = postSolution
		{27F42ED4-1901-44B2-B3AA-380B88C96075}.Debug|x64.ActiveCfg = Debug|x64
		{27F42ED4-1901-44B2-B3AA-380B88C96075}.Debug|x64.Build.0 = Debug|x64
		{27F42ED4-1901-44B2-B3AA-380B88C96075}.Debug|x86.ActiveCfg = Debug|Win32
		{27F42ED4-1901-44B2-B3AA-380B88C96075}.Debug|x86.Build.0 = Debug|Win32
		{27F42ED4-1901-44B2-B3AA-380B88C96075}.Release|x64.ActiveCfg = Release|x64
		{27F42ED4-1901-44B2-B3AA-380B88C96075}.Release|x64.Build.0 = Release|x64
		{27F42ED4-1901-44B2-B3AA-380B88C96075}.Release|x86.ActiveCfg = Release|Win32
		{27F42ED4-1901-44B2-B3AA-380B88C96075}.Release|x86.Build.0 = Release|Win32
	EndGlobalSection
	GlobalSection(SolutionProperties) = preSolution
		HideSolutionNode = FALSE
	EndGlobalSection
	GlobalSection(ExtensibilityGlobals) = postSolution
		SolutionGuid = {82CCE3AD-F75E-439D-8A3F-E003546D8506}
	EndGlobalSection
EndGlobal
